
Microsoft Visual Studio Solution File, Format Version 12.00
Project("{FAE04EC0-301F-11D3-BF4B-00C04F79EFBC}") = "StudentManagement", "StudentManagement\StudentManagement.csproj", "{B7F650C4-B6BB-4A6B-B08B-80464B9C4B7C}"
EndProject
Project("{FAE04EC0-301F-11D3-BF4B-00C04F79EFBC}") = "StudentManagement.Client", "StudentManagement.Client\StudentManagement.Client.csproj", "{383DE53B-6E60-4F6B-917F-9221244D6A46}"
EndProject
Project("{FAE04EC0-301F-11D3-BF4B-00C04F79EFBC}") = "StudentManagement_Shared", "StudentManagement_Shared\StudentManagement_Shared.csproj", "{F20E3969-5430-4556-B766-0E6C7FCEF193}"
EndProject
Global
	GlobalSection(SolutionConfigurationPlatforms) = preSolution
		Debug|Any CPU = Debug|Any CPU
		Release|Any CPU = Release|Any CPU
	EndGlobalSection
	GlobalSection(ProjectConfigurationPlatforms) = postSolution
		{B7F650C4-B6BB-4A6B-B08B-80464B9C4B7C}.Debug|Any CPU.ActiveCfg = Debug|Any CPU
		{B7F650C4-B6BB-4A6B-B08B-80464B9C4B7C}.Debug|Any CPU.Build.0 = Debug|Any CPU
		{B7F650C4-B6BB-4A6B-B08B-80464B9C4B7C}.Release|Any CPU.ActiveCfg = Release|Any CPU
		{B7F650C4-B6BB-4A6B-B08B-80464B9C4B7C}.Release|Any CPU.Build.0 = Release|Any CPU
		{383DE53B-6E60-4F6B-917F-9221244D6A46}.Debug|Any CPU.ActiveCfg = Debug|Any CPU
		{383DE53B-6E60-4F6B-917F-9221244D6A46}.Debug|Any CPU.Build.0 = Debug|Any CPU
		{383DE53B-6E60-4F6B-917F-9221244D6A46}.Release|Any CPU.ActiveCfg = Release|Any CPU
		{383DE53B-6E60-4F6B-917F-9221244D6A46}.Release|Any CPU.Build.0 = Release|Any CPU
		{F20E3969-5430-4556-B766-0E6C7FCEF193}.Debug|Any CPU.ActiveCfg = Debug|Any CPU
		{F20E3969-5430-4556-B766-0E6C7FCEF193}.Debug|Any CPU.Build.0 = Debug|Any CPU
		{F20E3969-5430-4556-B766-0E6C7FCEF193}.Release|Any CPU.ActiveCfg = Release|Any CPU
		{F20E3969-5430-4556-B766-0E6C7FCEF193}.Release|Any CPU.Build.0 = Release|Any CPU
	EndGlobalSection
EndGlobal
